
Microsoft Visual Studio Solution File, Format Version 12.00
# Visual Studio Version 17
VisualStudioVersion = 17.1.32421.90
MinimumVisualStudioVersion = 10.0.40219.1
Project("{9A19103F-16F7-4668-BE54-9A1E7A4F7556}") = "SasReader", "src\SasReader.csproj", "{BA770175-9F69-4931-A67F-1E733DCC874E}"
EndProject
Project("{9A19103F-16F7-4668-BE54-9A1E7A4F7556}") = "SasReaderTest", "SasParserTest\SasReaderTest.csproj", "{7B91C563-226D-44A5-A9A2-3C462E1C4C29}"
EndProject
Global
	GlobalSection(SolutionConfigurationPlatforms) = preSolution
		Debug|Any CPU = Debug|Any CPU
		Release|Any CPU = Release|Any CPU
	EndGlobalSection
	GlobalSection(ProjectConfigurationPlatforms) = postSolution
		{BA770175-9F69-4931-A67F-1E733DCC874E}.Debug|Any CPU.ActiveCfg = Debug|Any CPU
		{BA770175-9F69-4931-A67F-1E733DCC874E}.Debug|Any CPU.Build.0 = Debug|Any CPU
		{BA770175-9F69-4931-A67F-1E733DCC874E}.Release|Any CPU.ActiveCfg = Release|Any CPU
		{BA770175-9F69-4931-A67F-1E733DCC874E}.Release|Any CPU.Build.0 = Release|Any CPU
		{7B91C563-226D-44A5-A9A2-3C462E1C4C29}.Debug|Any CPU.ActiveCfg = Debug|Any CPU
		{7B91C563-226D-44A5-A9A2-3C462E1C4C29}.Debug|Any CPU.Build.0 = Debug|Any CPU
		{7B91C563-226D-44A5-A9A2-3C462E1C4C29}.Release|Any CPU.ActiveCfg = Release|Any CPU
		{7B91C563-226D-44A5-A9A2-3C462E1C4C29}.Release|Any CPU.Build.0 = Release|Any CPU
	EndGlobalSection
	GlobalSection(SolutionProperties) = preSolution
		HideSolutionNode = FALSE
	EndGlobalSection
	GlobalSection(ExtensibilityGlobals) = postSolution
		SolutionGuid = {2D62C965-29C2-4777-A203-4AD2868B0600}
	EndGlobalSection
EndGlobal
